Microsoft Visual Studio Solution File, Format Version 12.00
# Visual Studio Version 17
VisualStudioVersion = 17.8.0.0
MinimumVisualStudioVersion = 17.8.0.0
Project("{9A19103F-16F7-4668-BE54-9A1E7A4F7556}") = "aspire-test.AppHost", "aspire-test.AppHost\aspire-test.AppHost.csproj", "{176DB7E3-D6D2-4515-854E-18D59A6EE108}"
EndProject
Project("{9A19103F-16F7-4668-BE54-9A1E7A4F7556}") = "aspire-test.ServiceDefaults", "aspire-test.ServiceDefaults\aspire-test.ServiceDefaults.csproj", "{83CDE90D-71BB-425B-80EF-D0BB961ADBC6}"
EndProject
Project("{9A19103F-16F7-4668-BE54-9A1E7A4F7556}") = "aspire-test.ApiService", "aspire-test.ApiService\aspire-test.ApiService.csproj", "{235F6526-6F5A-4531-AFF1-45408A2D0D98}"
EndProject
Project("{9A19103F-16F7-4668-BE54-9A1E7A4F7556}") = "aspire-test.Web", "aspire-test.Web\aspire-test.Web.csproj", "{DED91C3D-8B22-4368-9974-913F38015D1D}"
EndProject
Global
	GlobalSection(SolutionConfigurationPlatforms) = preSolution
		Debug|Any CPU = Debug|Any CPU
		Release|Any CPU = Release|Any CPU
	EndGlobalSection
	GlobalSection(ProjectConfigurationPlatforms) = postSolution
		{176DB7E3-D6D2-4515-854E-18D59A6EE108}.Debug|Any CPU.ActiveCfg = Debug|Any CPU
		{176DB7E3-D6D2-4515-854E-18D59A6EE108}.Debug|Any CPU.Build.0 = Debug|Any CPU
		{176DB7E3-D6D2-4515-854E-18D59A6EE108}.Release|Any CPU.ActiveCfg = Release|Any CPU
		{176DB7E3-D6D2-4515-854E-18D59A6EE108}.Release|Any CPU.Build.0 = Release|Any CPU
		{83CDE90D-71BB-425B-80EF-D0BB961ADBC6}.Debug|Any CPU.ActiveCfg = Debug|Any CPU
		{83CDE90D-71BB-425B-80EF-D0BB961ADBC6}.Debug|Any CPU.Build.0 = Debug|Any CPU
		{83CDE90D-71BB-425B-80EF-D0BB961ADBC6}.Release|Any CPU.ActiveCfg = Release|Any CPU
		{83CDE90D-71BB-425B-80EF-D0BB961ADBC6}.Release|Any CPU.Build.0 = Release|Any CPU
		{235F6526-6F5A-4531-AFF1-45408A2D0D98}.Debug|Any CPU.ActiveCfg = Debug|Any CPU
		{235F6526-6F5A-4531-AFF1-45408A2D0D98}.Debug|Any CPU.Build.0 = Debug|Any CPU
		{235F6526-6F5A-4531-AFF1-45408A2D0D98}.Release|Any CPU.ActiveCfg = Release|Any CPU
		{235F6526-6F5A-4531-AFF1-45408A2D0D98}.Release|Any CPU.Build.0 = Release|Any CPU
		{DED91C3D-8B22-4368-9974-913F38015D1D}.Debug|Any CPU.ActiveCfg = Debug|Any CPU
		{DED91C3D-8B22-4368-9974-913F38015D1D}.Debug|Any CPU.Build.0 = Debug|Any CPU
		{DED91C3D-8B22-4368-9974-913F38015D1D}.Release|Any CPU.ActiveCfg = Release|Any CPU
		{DED91C3D-8B22-4368-9974-913F38015D1D}.Release|Any CPU.Build.0 = Release|Any CPU
	EndGlobalSection
	GlobalSection(SolutionProperties) = preSolution
		HideSolutionNode = FALSE
	EndGlobalSection
	GlobalSection(ExtensibilityGlobals) = postSolution
		SolutionGuid = {EBE1D2CE-B42E-470B-8707-F0B7D5465CB9}
	EndGlobalSection
EndGlobal
